// !$*UTF8*$!
{
	archiveVersion = 1;
	classes = {
	};
	objectVersion = 46;
	objects = {

/* Begin PBXBuildFile section */
		3866968E1B040ECA00D4E653 /* main.m in Sources */ = {isa = PBXBuildFile; fileRef = 3866968D1B040ECA00D4E653 /* main.m */; };
		386696911B040ECA00D4E653 /* AppDelegate.m in Sources */ = {isa = PBXBuildFile; fileRef = 386696901B040ECA00D4E653 /* AppDelegate.m */; };
		386696941B040ECA00D4E653 /* ViewController.m in Sources */ = {isa = PBXBuildFile; fileRef = 386696931B040ECA00D4E653 /* ViewController.m */; };
		386696971B040ECA00D4E653 /* Main.storyboard in Resources */ = {isa = PBXBuildFile; fileRef = 386696951B040ECA00D4E653 /* Main.storyboard */; };
		386696991B040ECA00D4E653 /* Images.xcassets in Resources */ = {isa = PBXBuildFile; fileRef = 386696981B040ECA00D4E653 /* Images.xcassets */; };
		3866969C1B040ECA00D4E653 /* LaunchScreen.xib in Resources */ = {isa = PBXBuildFile; fileRef = 3866969A1B040ECA00D4E653 /* LaunchScreen.xib */; };
		386696A81B040ECB00D4E653 /* NewGitTryTests.m in Sources */ = {isa = PBXBuildFile; fileRef = 386696A71B040ECB00D4E653 /* NewGitTryTests.m */; };
/* End PBXBuildFile section */

/* Begin PBXContainerItemProxy section */
		386696A21B040ECB00D4E653 /* PBXContainerItemProxy */ = {
			isa = PBXContainerItemProxy;
			containerPortal = 386696801B040ECA00D4E653 /* Project object */;
			proxyType = 1;
			remoteGlobalIDString = 386696871B040ECA00D4E653;
			remoteInfo = NewGitTry;
		};
/* End PBXContainerItemProxy section */

/* Begin PBXFileReference section */
		386696881B040ECA00D4E653 /* NewGitTry.app */ = {isa = PBXFileReference; explicitFileType = wrapper.application; includeInIndex = 0; path = NewGitTry.app; sourceTree = BUILT_PRODUCTS_DIR; };
		3866968C1B040ECA00D4E653 /* Info.plist */ = {isa = PBXFileReference; lastKnownFileType = text.plist.xml; path = Info.plist; sourceTree = "<group>"; };
		3866968D1B040ECA00D4E653 /* main.m */ = {isa = PBXFileReference; lastKnownFileType = sourcecode.c.objc; path = main.m; sourceTree = "<group>"; };
		3866968F1B040ECA00D4E653 /* AppDelegate.h */ = {isa = PBXFileReference; lastKnownFileType = sourcecode.c.h; path = AppDelegate.h; sourceTree = "<group>"; };
		386696901B040ECA00D4E653 /* AppDelegate.m */ = {isa = PBXFileReference; lastKnownFileType = sourcecode.c.objc; path = AppDelegate.m; sourceTree = "<group>"; };
		386696921B040ECA00D4E653 /* ViewController.h */ = {isa = PBXFileReference; lastKnownFileType = sourcecode.c.h; path = ViewController.h; sourceTree = "<group>"; };
		386696931B040ECA00D4E653 /* ViewController.m */ = {isa = PBXFileReference; lastKnownFileType = sourcecode.c.objc; path = ViewController.m; sourceTree = "<group>"; };
		386696961B040ECA00D4E653 /* Base */ = {isa = PBXFileReference; lastKnownFileType = file.storyboard; name = Base; path = Base.lproj/Main.storyboard; sourceTree = "<group>"; };
		386696981B040ECA00D4E653 /* Images.xcassets */ = {isa = PBXFileReference; lastKnownFileType = folder.assetcatalog; path = Images.xcassets; sourceTree = "<group>"; };
		3866969B1B040ECA00D4E653 /* Base */ = {isa = PBXFileReference; lastKnownFileType = file.xib; name = Base; path = Base.lproj/LaunchScreen.xib; sourceTree = "<group>"; };
		386696A11B040ECB00D4E653 /* NewGitTryTests.xctest */ = {isa = PBXFileReference; explicitFileType = wrapper.cfbundle; includeInIndex = 0; path = NewGitTryTests.xctest; sourceTree = BUILT_PRODUCTS_DIR; };
		386696A61B040ECB00D4E653 /* Info.plist */ = {isa = PBXFileReference; lastKnownFileType = text.plist.xml; path = Info.plist; sourceTree = "<group>"; };
		386696A71B040ECB00D4E653 /* NewGitTryTests.m */ = {isa = PBXFileReference; lastKnownFileType = sourcecode.c.objc; path = NewGitTryTests.m; sourceTree = "<group>"; };
/* End PBXFileReference section */

/* Begin PBXFrameworksBuildPhase section */
		386696851B040ECA00D4E653 /* Frameworks */ = {
			isa = PBXFrameworksBuildPhase;
			buildActionMask = 2147483647;
			files = (
			);
			runOnlyForDeploymentPostprocessing = 0;
		};
		3866969E1B040ECB00D4E653 /* Frameworks */ = {
			isa = PBXFrameworksBuildPhase;
			buildActionMask = 2147483647;
			files = (
			);
			runOnlyForDeploymentPostprocessing = 0;
		};
/* End PBXFrameworksBuildPhase section */

/* Begin PBXGroup section */
		3866967F1B040ECA00D4E653 = {
			isa = PBXGroup;
			children = (
				3866968A1B040ECA00D4E653 /* NewGitTry */,
				386696A41B040ECB00D4E653 /* NewGitTryTests */,
				386696891B040ECA00D4E653 /* Products */,
			);
			sourceTree = "<group>";
		};
		386696891B040ECA00D4E653 /* Products */ = {
			isa = PBXGroup;
			children = (
				386696881B040ECA00D4E653 /* NewGitTry.app */,
				386696A11B040ECB00D4E653 /* NewGitTryTests.xctest */,
			);
			name = Products;
			sourceTree = "<group>";
		};
		3866968A1B040ECA00D4E653 /* NewGitTry */ = {
			isa = PBXGroup;
			children = (
				3866968F1B040ECA00D4E653 /* AppDelegate.h */,
				386696901B040ECA00D4E653 /* AppDelegate.m */,
				386696921B040ECA00D4E653 /* ViewController.h */,
				386696931B040ECA00D4E653 /* ViewController.m */,
				386696951B040ECA00D4E653 /* Main.storyboard */,
				386696981B040ECA00D4E653 /* Images.xcassets */,
				3866969A1B040ECA00D4E653 /* LaunchScreen.xib */,
				3866968B1B040ECA00D4E653 /* Supporting Files */,
			);
			path = NewGitTry;
			sourceTree = "<group>";
		};
		3866968B1B040ECA00D4E653 /* Supporting Files */ = {
			isa = PBXGroup;
			children = (
				3866968C1B040ECA00D4E653 /* Info.plist */,
				3866968D1B040ECA00D4E653 /* main.m */,
			);
			name = "Supporting Files";
			sourceTree = "<group>";
		};
		386696A41B040ECB00D4E653 /* NewGitTryTests */ = {
			isa = PBXGroup;
			children = (
				386696A71B040ECB00D4E653 /* NewGitTryTests.m */,
				386696A51B040ECB00D4E653 /* Supporting Files */,
			);
			path = NewGitTryTests;
			sourceTree = "<group>";
		};
		386696A51B040ECB00D4E653 /* Supporting Files */ = {
			isa = PBXGroup;
			children = (
				386696A61B040ECB00D4E653 /* Info.plist */,
			);
			name = "Supporting Files";
			sourceTree = "<group>";
		};
/* End PBXGroup section */

/* Begin PBXNativeTarget section */
		386696871B040ECA00D4E653 /* NewGitTry */ = {
			isa = PBXNativeTarget;
			buildConfigurationList = 386696AB1B040ECB00D4E653 /* Build configuration list for PBXNativeTarget "NewGitTry" */;
			buildPhases = (
				386696841B040ECA00D4E653 /* Sources */,
				386696851B040ECA00D4E653 /* Frameworks */,
				386696861B040ECA00D4E653 /* Resources */,
			);
			buildRules = (
			);
			dependencies = (
			);
			name = NewGitTry;
			productName = NewGitTry;
			productReference = 386696881B040ECA00D4E653 /* NewGitTry.app */;
			productType = "com.apple.product-type.application";
		};
		386696A01B040ECB00D4E653 /* NewGitTryTests */ = {
			isa = PBXNativeTarget;
			buildConfigurationList = 386696AE1B040ECB00D4E653 /* Build configuration list for PBXNativeTarget "NewGitTryTests" */;
			buildPhases = (
				3866969D1B040ECB00D4E653 /* Sources */,
				3866969E1B040ECB00D4E653 /* Frameworks */,
				3866969F1B040ECB00D4E653 /* Resources */,
			);
			buildRules = (
			);
			dependencies = (
				386696A31B040ECB00D4E653 /* PBXTargetDependency */,
			);
			name = NewGitTryTests;
			productName = NewGitTryTests;
			productReference = 386696A11B040ECB00D4E653 /* NewGitTryTests.xctest */;
			productType = "com.apple.product-type.bundle.unit-test";
		};
/* End PBXNativeTarget section */

/* Begin PBXProject section */
		386696801B040ECA00D4E653 /* Project object */ = {
			isa = PBXProject;
			attributes = {
				LastUpgradeCheck = 0630;
				ORGANIZATIONNAME = "Nivedita Kumar";
				TargetAttributes = {
					386696871B040ECA00D4E653 = {
						CreatedOnToolsVersion = 6.3.1;
					};
					386696A01B040ECB00D4E653 = {
						CreatedOnToolsVersion = 6.3.1;
						TestTargetID = 386696871B040ECA00D4E653;
					};
				};
			};
			buildConfigurationList = 386696831B040ECA00D4E653 /* Build configuration list for PBXProject "NewGitTry" */;
			compatibilityVersion = "Xcode 3.2";
			developmentRegion = English;
			hasScannedForEncodings = 0;
			knownRegions = (
				en,
				Base,
			);
			mainGroup = 3866967F1B040ECA00D4E653;
			productRefGroup = 386696891B040ECA00D4E653 /* Products */;
			projectDirPath = "";
			projectRoot = "";
			targets = (
				386696871B040ECA00D4E653 /* NewGitTry */,
				386696A01B040ECB00D4E653 /* NewGitTryTests */,
			);
		};
/* End PBXProject section */

/* Begin PBXResourcesBuildPhase section */
		386696861B040ECA00D4E653 /* Resources */ = {
			isa = PBXResourcesBuildPhase;
			buildActionMask = 2147483647;
			files = (
				386696971B040ECA00D4E653 /* Main.storyboard in Resources */,
				3866969C1B040ECA00D4E653 /* LaunchScreen.xib in Resources */,
				386696991B040ECA00D4E653 /* Images.xcassets in Resources */,
			);
			runOnlyForDeploymentPostprocessing = 0;
		};
		3866969F1B040ECB00D4E653 /* Resources */ = {
			isa = PBXResourcesBuildPhase;
			buildActionMask = 2147483647;
			files = (
			);
			runOnlyForDeploymentPostprocessing = 0;
		};
/* End PBXResourcesBuildPhase section */

/* Begin PBXSourcesBuildPhase section */
		386696841B040ECA00D4E653 /* Sources */ = {
			isa = PBXSourcesBuildPhase;
			buildActionMask = 2147483647;
			files = (
				386696941B040ECA00D4E653 /* ViewController.m in Sources */,
				386696911B040ECA00D4E653 /* AppDelegate.m in Sources */,
				3866968E1B040ECA00D4E653 /* main.m in Sources */,
			);
			runOnlyForDeploymentPostprocessing = 0;
		};
		3866969D1B040ECB00D4E653 /* Sources */ = {
			isa = PBXSourcesBuildPhase;
			buildActionMask = 2147483647;
			files = (
				386696A81B040ECB00D4E653 /* NewGitTryTests.m in Sources */,
			);
			runOnlyForDeploymentPostprocessing = 0;
		};
/* End PBXSourcesBuildPhase section */

/* Begin PBXTargetDependency section */
		386696A31B040ECB00D4E653 /* PBXTargetDependency */ = {
			isa = PBXTargetDependency;
			target = 386696871B040ECA00D4E653 /* NewGitTry */;
			targetProxy = 386696A21B040ECB00D4E653 /* PBXContainerItemProxy */;
		};
/* End PBXTargetDependency section */

/* Begin PBXVariantGroup section */
		386696951B040ECA00D4E653 /* Main.storyboard */ = {
			isa = PBXVariantGroup;
			children = (
				386696961B040ECA00D4E653 /* Base */,
			);
			name = Main.storyboard;
			sourceTree = "<group>";
		};
		3866969A1B040ECA00D4E653 /* LaunchScreen.xib */ = {
			isa = PBXVariantGroup;
			children = (
				3866969B1B040ECA00D4E653 /* Base */,
			);
			name = LaunchScreen.xib;
			sourceTree = "<group>";
		};
/* End PBXVariantGroup section */

/* Begin XCBuildConfiguration section */
		386696A91B040ECB00D4E653 /* Debug */ = {
			isa = XCBuildConfiguration;
			buildSettings = {
				ALWAYS_SEARCH_USER_PATHS = NO;
				CLANG_CXX_LANGUAGE_STANDARD = "gnu++0x";
				CLANG_CXX_LIBRARY = "libc++";
				CLANG_ENABLE_MODULES = YES;
				CLANG_ENABLE_OBJC_ARC = YES;
				CLANG_WARN_BOOL_CONVERSION = YES;
				CLANG_WARN_CONSTANT_CONVERSION = YES;
				CLANG_WARN_DIRECT_OBJC_ISA_USAGE = YES_ERROR;
				CLANG_WARN_EMPTY_BODY = YES;
				CLANG_WARN_ENUM_CONVERSION = YES;
				CLANG_WARN_INT_CONVERSION = YES;
				CLANG_WARN_OBJC_ROOT_CLASS = YES_ERROR;
				CLANG_WARN_UNREACHABLE_CODE = YES;
				CLANG_WARN__DUPLICATE_METHOD_MATCH = YES;
				"CODE_SIGN_IDENTITY[sdk=iphoneos*]" = "iPhone Developer";
				COPY_PHASE_STRIP = NO;
				DEBUG_INFORMATION_FORMAT = "dwarf-with-dsym";
				ENABLE_STRICT_OBJC_MSGSEND = YES;
				GCC_C_LANGUAGE_STANDARD = gnu99;
				GCC_DYNAMIC_NO_PIC = NO;
				GCC_NO_COMMON_BLOCKS = YES;
				GCC_OPTIMIZATION_LEVEL = 0;
				GCC_PREPROCESSOR_DEFINITIONS = (
					"DEBUG=1",
					"$(inherited)",
				);
				GCC_SYMBOLS_PRIVATE_EXTERN = NO;
				GCC_WARN_64_TO_32_BIT_CONVERSION = YES;
				GCC_WARN_ABOUT_RETURN_TYPE = YES_ERROR;
				GCC_WARN_UNDECLARED_SELECTOR = YES;
				GCC_WARN_UNINITIALIZED_AUTOS = YES_AGGRESSIVE;
				GCC_WARN_UNUSED_FUNCTION = YES;
				GCC_WARN_UNUSED_VARIABLE = YES;
				IPHONEOS_DEPLOYMENT_TARGET = 8.3;
				MTL_ENABLE_DEBUG_INFO = YES;
				ONLY_ACTIVE_ARCH = YES;
				SDKROOT = iphoneos;
				TARGETED_DEVICE_FAMILY = "1,2";
			};
			name = Debug;
		};
		386696AA1B040ECB00D4E653 /* Release */ = {
			isa = XCBuildConfiguration;
			buildSettings = {
				ALWAYS_SEARCH_USER_PATHS = NO;
				CLANG_CXX_LANGUAGE_STANDARD = "gnu++0x";
				CLANG_CXX_LIBRARY = "libc++";
				CLANG_ENABLE_MODULES = YES;
				CLANG_ENABLE_OBJC_ARC = YES;
				CLANG_WARN_BOOL_CONVERSION = YES;
				CLANG_WARN_CONSTANT_CONVERSION = YES;
				CLANG_WARN_DIRECT_OBJC_ISA_USAGE = YES_ERROR;
				CLANG_WARN_EMPTY_BODY = YES;
				CLANG_WARN_ENUM_CONVERSION = YES;
				CLANG_WARN_INT_CONVERSION = YES;
				CLANG_WARN_OBJC_ROOT_CLASS = YES_ERROR;
				CLANG_WARN_UNREACHABLE_CODE = YES;
				CLANG_WARN__DUPLICATE_METHOD_MATCH = YES;
				"CODE_SIGN_IDENTITY[sdk=iphoneos*]" = "iPhone Developer";
				COPY_PHASE_STRIP = NO;
				DEBUG_INFORMATION_FORMAT = "dwarf-with-dsym";
				ENABLE_NS_ASSERTIONS = NO;
				ENABLE_STRICT_OBJC_MSGSEND = YES;
				GCC_C_LANGUAGE_STANDARD = gnu99;
				GCC_NO_COMMON_BLOCKS = YES;
				GCC_WARN_64_TO_32_BIT_CONVERSION = YES;
				GCC_WARN_ABOUT_RETURN_TYPE = YES_ERROR;
				GCC_WARN_UNDECLARED_SELECTOR = YES;
				GCC_WARN_UNINITIALIZED_AUTOS = YES_AGGRESSIVE;
				GCC_WARN_UNUSED_FUNCTION = YES;
				GCC_WARN_UNUSED_VARIABLE = YES;
				IPHONEOS_DEPLOYMENT_TARGET = 8.3;
				MTL_ENABLE_DEBUG_INFO = NO;
				SDKROOT = iphoneos;
				TARGETED_DEVICE_FAMILY = "1,2";
				VALIDATE_PRODUCT = YES;
			};
			name = Release;
		};
		386696AC1B040ECB00D4E653 /* Debug */ = {
			isa = XCBuildConfiguration;
			buildSettings = {
				ASSETCATALOG_COMPILER_APPICON_NAME = AppIcon;
				INFOPLIST_FILE = NewGitTry/Info.plist;
				LD_RUNPATH_SEARCH_PATHS = "$(inherited) @executable_path/Frameworks";
				PRODUCT_NAME = "$(TARGET_NAME)";
			};
			name = Debug;
		};
		386696AD1B040ECB00D4E653 /* Release */ = {
			isa = XCBuildConfiguration;
			buildSettings = {
				ASSETCATALOG_COMPILER_APPICON_NAME = AppIcon;
				INFOPLIST_FILE = NewGitTry/Info.plist;
				LD_RUNPATH_SEARCH_PATHS = "$(inherited) @executable_path/Frameworks";
				PRODUCT_NAME = "$(TARGET_NAME)";
			};
			name = Release;
		};
		386696AF1B040ECB00D4E653 /* Debug */ = {
			isa = XCBuildConfiguration;
			buildSettings = {
				BUNDLE_LOADER = "$(TEST_HOST)";
				FRAMEWORK_SEARCH_PATHS = (
					"$(SDKROOT)/Developer/Library/Frameworks",
					"$(inherited)",
				);
				GCC_PREPROCESSOR_DEFINITIONS = (
					"DEBUG=1",
					"$(inherited)",
				);
				INFOPLIST_FILE = NewGitTryTests/Info.plist;
				LD_RUNPATH_SEARCH_PATHS = "$(inherited) @executable_path/Frameworks @loader_path/Frameworks";
				PRODUCT_NAME = "$(TARGET_NAME)";
				TEST_HOST = "$(BUILT_PRODUCTS_DIR)/NewGitTry.app/NewGitTry";
			};
			name = Debug;
		};
		386696B01B040ECB00D4E653 /* Release */ = {
			isa = XCBuildConfiguration;
			buildSettings = {
				BUNDLE_LOADER = "$(TEST_HOST)";
				FRAMEWORK_SEARCH_PATHS = (
					"$(SDKROOT)/Developer/Library/Frameworks",
					"$(inherited)",
				);
				INFOPLIST_FILE = NewGitTryTests/Info.plist;
				LD_RUNPATH_SEARCH_PATHS = "$(inherited) @executable_path/Frameworks @loader_path/Frameworks";
				PRODUCT_NAME = "$(TARGET_NAME)";
				TEST_HOST = "$(BUILT_PRODUCTS_DIR)/NewGitTry.app/NewGitTry";
			};
			name = Release;
		};
/* End XCBuildConfiguration section */

/* Begin XCConfigurationList section */
		386696831B040ECA00D4E653 /* Build configuration list for PBXProject "NewGitTry" */ = {
			isa = XCConfigurationList;
			buildConfigurations = (
				386696A91B040ECB00D4E653 /* Debug */,
				386696AA1B040ECB00D4E653 /* Release */,
			);
			defaultConfigurationIsVisible = 0;
			defaultConfigurationName = Release;
		};
		386696AB1B040ECB00D4E653 /* Build configuration list for PBXNativeTarget "NewGitTry" */ = {
			isa = XCConfigurationList;
			buildConfigurations = (
				386696AC1B040ECB00D4E653 /* Debug */,
				386696AD1B040ECB00D4E653 /* Release */,
			);
			defaultConfigurationIsVisible = 0;
		};
		386696AE1B040ECB00D4E653 /* Build configuration list for PBXNativeTarget "NewGitTryTests" */ = {
			isa = XCConfigurationList;
			buildConfigurations = (
				386696AF1B040ECB00D4E653 /* Debug */,
				386696B01B040ECB00D4E653 /* Release */,
			);
			defaultConfigurationIsVisible = 0;
		};
/* End XCConfigurationList section */
	};
	rootObject = 386696801B040ECA00D4E653 /* Project object */;
}
